// !$*UTF8*$!
{
	archiveVersion = 1;
	classes = {
	};
	objectVersion = 46;
	objects = {

/* Begin PBXBuildFile section */
		E267A45D1F06443700FB6EBB /* ListViewTableViewCell.m in Sources */ = {isa = PBXBuildFile; fileRef = E267A45C1F06443700FB6EBB /* ListViewTableViewCell.m */; };
		E26B62981EE015B200F6E285 /* SPwdGen.m in Sources */ = {isa = PBXBuildFile; fileRef = E26B62971EE015B200F6E285 /* SPwdGen.m */; };
		E26E3CED1EE10AD100E2A8C3 /* SFHFKeychainUtils.m in Sources */ = {isa = PBXBuildFile; fileRef = E26E3CEC1EE10AD100E2A8C3 /* SFHFKeychainUtils.m */; };
		E27E43DF1E6FEC05000385D3 /* main.m in Sources */ = {isa = PBXBuildFile; fileRef = E27E43DE1E6FEC05000385D3 /* main.m */; };
		E27E43E21E6FEC05000385D3 /* AppDelegate.m in Sources */ = {isa = PBXBuildFile; fileRef = E27E43E11E6FEC05000385D3 /* AppDelegate.m */; };
		E27E43E51E6FEC05000385D3 /* ViewController.m in Sources */ = {isa = PBXBuildFile; fileRef = E27E43E41E6FEC05000385D3 /* ViewController.m */; };
		E27E43E81E6FEC05000385D3 /* Main.storyboard in Resources */ = {isa = PBXBuildFile; fileRef = E27E43E61E6FEC05000385D3 /* Main.storyboard */; };
		E27E43EA1E6FEC05000385D3 /* Assets.xcassets in Resources */ = {isa = PBXBuildFile; fileRef = E27E43E91E6FEC05000385D3 /* Assets.xcassets */; };
		E27E43ED1E6FEC05000385D3 /* LaunchScreen.storyboard in Resources */ = {isa = PBXBuildFile; fileRef = E27E43EB1E6FEC05000385D3 /* LaunchScreen.storyboard */; };
/* End PBXBuildFile section */

/* Begin PBXFileReference section */
		E267A45B1F06443700FB6EBB /* ListViewTableViewCell.h */ = {isa = PBXFileReference; fileEncoding = 4; lastKnownFileType = sourcecode.c.h; path = ListViewTableViewCell.h; sourceTree = "<group>"; };
		E267A45C1F06443700FB6EBB /* ListViewTableViewCell.m */ = {isa = PBXFileReference; fileEncoding = 4; lastKnownFileType = sourcecode.c.objc; path = ListViewTableViewCell.m; sourceTree = "<group>"; };
		E26B62961EE015B200F6E285 /* SPwdGen.h */ = {isa = PBXFileReference; fileEncoding = 4; lastKnownFileType = sourcecode.c.h; path = SPwdGen.h; sourceTree = "<group>"; };
		E26B62971EE015B200F6E285 /* SPwdGen.m */ = {isa = PBXFileReference; fileEncoding = 4; lastKnownFileType = sourcecode.c.objc; path = SPwdGen.m; sourceTree = "<group>"; };
		E26E3CEB1EE10AD100E2A8C3 /* SFHFKeychainUtils.h */ = {isa = PBXFileReference; fileEncoding = 4; lastKnownFileType = sourcecode.c.h; path = SFHFKeychainUtils.h; sourceTree = "<group>"; };
		E26E3CEC1EE10AD100E2A8C3 /* SFHFKeychainUtils.m */ = {isa = PBXFileReference; fileEncoding = 4; lastKnownFileType = sourcecode.c.objc; path = SFHFKeychainUtils.m; sourceTree = "<group>"; };
		E27E43DA1E6FEC05000385D3 /* Enigma.app */ = {isa = PBXFileReference; explicitFileType = wrapper.application; includeInIndex = 0; path = Enigma.app; sourceTree = BUILT_PRODUCTS_DIR; };
		E27E43DE1E6FEC05000385D3 /* main.m */ = {isa = PBXFileReference; lastKnownFileType = sourcecode.c.objc; path = main.m; sourceTree = "<group>"; };
		E27E43E01E6FEC05000385D3 /* AppDelegate.h */ = {isa = PBXFileReference; lastKnownFileType = sourcecode.c.h; path = AppDelegate.h; sourceTree = "<group>"; };
		E27E43E11E6FEC05000385D3 /* AppDelegate.m */ = {isa = PBXFileReference; lastKnownFileType = sourcecode.c.objc; path = AppDelegate.m; sourceTree = "<group>"; };
		E27E43E31E6FEC05000385D3 /* ViewController.h */ = {isa = PBXFileReference; lastKnownFileType = sourcecode.c.h; path = ViewController.h; sourceTree = "<group>"; };
		E27E43E41E6FEC05000385D3 /* ViewController.m */ = {isa = PBXFileReference; lastKnownFileType = sourcecode.c.objc; path = ViewController.m; sourceTree = "<group>"; };
		E27E43E71E6FEC05000385D3 /* Base */ = {isa = PBXFileReference; lastKnownFileType = file.storyboard; name = Base; path = Base.lproj/Main.storyboard; sourceTree = "<group>"; };
		E27E43E91E6FEC05000385D3 /* Assets.xcassets */ = {isa = PBXFileReference; lastKnownFileType = folder.assetcatalog; path = Assets.xcassets; sourceTree = "<group>"; };
		E27E43EC1E6FEC05000385D3 /* Base */ = {isa = PBXFileReference; lastKnownFileType = file.storyboard; name = Base; path = Base.lproj/LaunchScreen.storyboard; sourceTree = "<group>"; };
		E27E43EE1E6FEC05000385D3 /* Info.plist */ = {isa = PBXFileReference; lastKnownFileType = text.plist.xml; path = Info.plist; sourceTree = "<group>"; };
/* End PBXFileReference section */

/* Begin PBXFrameworksBuildPhase section */
		E27E43D71E6FEC05000385D3 /* Frameworks */ = {
			isa = PBXFrameworksBuildPhase;
			buildActionMask = 2147483647;
			files = (
			);
			runOnlyForDeploymentPostprocessing = 0;
		};
/* End PBXFrameworksBuildPhase section */

/* Begin PBXGroup section */
		E267A45A1F06440B00FB6EBB /* UI */ = {
			isa = PBXGroup;
			children = (
				E267A45B1F06443700FB6EBB /* ListViewTableViewCell.h */,
				E267A45C1F06443700FB6EBB /* ListViewTableViewCell.m */,
			);
			path = UI;
			sourceTree = "<group>";
		};
		E26E3CEA1EE10AD100E2A8C3 /* SFHFKeychainUtils */ = {
			isa = PBXGroup;
			children = (
				E26E3CEB1EE10AD100E2A8C3 /* SFHFKeychainUtils.h */,
				E26E3CEC1EE10AD100E2A8C3 /* SFHFKeychainUtils.m */,
			);
			path = SFHFKeychainUtils;
			sourceTree = "<group>";
		};
		E27E43D11E6FEC05000385D3 = {
			isa = PBXGroup;
			children = (
				E27E43DC1E6FEC05000385D3 /* Enigma */,
				E27E43DB1E6FEC05000385D3 /* Products */,
			);
			sourceTree = "<group>";
		};
		E27E43DB1E6FEC05000385D3 /* Products */ = {
			isa = PBXGroup;
			children = (
				E27E43DA1E6FEC05000385D3 /* Enigma.app */,
			);
			name = Products;
			sourceTree = "<group>";
		};
		E27E43DC1E6FEC05000385D3 /* Enigma */ = {
			isa = PBXGroup;
			children = (
				E267A45A1F06440B00FB6EBB /* UI */,
				E26E3CEA1EE10AD100E2A8C3 /* SFHFKeychainUtils */,
				E27E43E01E6FEC05000385D3 /* AppDelegate.h */,
				E27E43E11E6FEC05000385D3 /* AppDelegate.m */,
				E27E43E31E6FEC05000385D3 /* ViewController.h */,
				E27E43E41E6FEC05000385D3 /* ViewController.m */,
				E26B62961EE015B200F6E285 /* SPwdGen.h */,
				E26B62971EE015B200F6E285 /* SPwdGen.m */,
				E27E43E61E6FEC05000385D3 /* Main.storyboard */,
				E27E43E91E6FEC05000385D3 /* Assets.xcassets */,
				E27E43EB1E6FEC05000385D3 /* LaunchScreen.storyboard */,
				E27E43EE1E6FEC05000385D3 /* Info.plist */,
				E27E43DD1E6FEC05000385D3 /* Supporting Files */,
			);
			path = Enigma;
			sourceTree = "<group>";
		};
		E27E43DD1E6FEC05000385D3 /* Supporting Files */ = {
			isa = PBXGroup;
			children = (
				E27E43DE1E6FEC05000385D3 /* main.m */,
			);
			name = "Supporting Files";
			sourceTree = "<group>";
		};
/* End PBXGroup section */

/* Begin PBXNativeTarget section */
		E27E43D91E6FEC05000385D3 /* Enigma */ = {
			isa = PBXNativeTarget;
			buildConfigurationList = E27E43F11E6FEC05000385D3 /* Build configuration list for PBXNativeTarget "Enigma" */;
			buildPhases = (
				E27E43D61E6FEC05000385D3 /* Sources */,
				E27E43D71E6FEC05000385D3 /* Frameworks */,
				E27E43D81E6FEC05000385D3 /* Resources */,
			);
			buildRules = (
			);
			dependencies = (
			);
			name = Enigma;
			productName = Enigma;
			productReference = E27E43DA1E6FEC05000385D3 /* Enigma.app */;
			productType = "com.apple.product-type.application";
		};
/* End PBXNativeTarget section */

/* Begin PBXProject section */
		E27E43D21E6FEC05000385D3 /* Project object */ = {
			isa = PBXProject;
			attributes = {
				LastUpgradeCheck = 0820;
				ORGANIZATIONNAME = selfWork.cn;
				TargetAttributes = {
					E27E43D91E6FEC05000385D3 = {
						CreatedOnToolsVersion = 8.2;
						ProvisioningStyle = Automatic;
					};
				};
			};
			buildConfigurationList = E27E43D51E6FEC05000385D3 /* Build configuration list for PBXProject "Enigma" */;
			compatibilityVersion = "Xcode 3.2";
			developmentRegion = English;
			hasScannedForEncodings = 0;
			knownRegions = (
				en,
				Base,
			);
			mainGroup = E27E43D11E6FEC05000385D3;
			productRefGroup = E27E43DB1E6FEC05000385D3 /* Products */;
			projectDirPath = "";
			projectRoot = "";
			targets = (
				E27E43D91E6FEC05000385D3 /* Enigma */,
			);
		};
/* End PBXProject section */

/* Begin PBXResourcesBuildPhase section */
		E27E43D81E6FEC05000385D3 /* Resources */ = {
			isa = PBXResourcesBuildPhase;
			buildActionMask = 2147483647;
			files = (
				E27E43ED1E6FEC05000385D3 /* LaunchScreen.storyboard in Resources */,
				E27E43EA1E6FEC05000385D3 /* Assets.xcassets in Resources */,
				E27E43E81E6FEC05000385D3 /* Main.storyboard in Resources */,
			);
			runOnlyForDeploymentPostprocessing = 0;
		};
/* End PBXResourcesBuildPhase section */

/* Begin PBXSourcesBuildPhase section */
		E27E43D61E6FEC05000385D3 /* Sources */ = {
			isa = PBXSourcesBuildPhase;
			buildActionMask = 2147483647;
			files = (
				E267A45D1F06443700FB6EBB /* ListViewTableViewCell.m in Sources */,
				E26B62981EE015B200F6E285 /* SPwdGen.m in Sources */,
				E27E43E51E6FEC05000385D3 /* ViewController.m in Sources */,
				E27E43E21E6FEC05000385D3 /* AppDelegate.m in Sources */,
				E26E3CED1EE10AD100E2A8C3 /* SFHFKeychainUtils.m in Sources */,
				E27E43DF1E6FEC05000385D3 /* main.m in Sources */,
			);
			runOnlyForDeploymentPostprocessing = 0;
		};
/* End PBXSourcesBuildPhase section */

/* Begin PBXVariantGroup section */
		E27E43E61E6FEC05000385D3 /* Main.storyboard */ = {
			isa = PBXVariantGroup;
			children = (
				E27E43E71E6FEC05000385D3 /* Base */,
			);
			name = Main.storyboard;
			sourceTree = "<group>";
		};
		E27E43EB1E6FEC05000385D3 /* LaunchScreen.storyboard */ = {
			isa = PBXVariantGroup;
			children = (
				E27E43EC1E6FEC05000385D3 /* Base */,
			);
			name = LaunchScreen.storyboard;
			sourceTree = "<group>";
		};
/* End PBXVariantGroup section */

/* Begin XCBuildConfiguration section */
		E27E43EF1E6FEC05000385D3 /* Debug */ = {
			isa = XCBuildConfiguration;
			buildSettings = {
				ALWAYS_SEARCH_USER_PATHS = NO;
				CLANG_ANALYZER_NONNULL = YES;
				CLANG_CXX_LANGUAGE_STANDARD = "gnu++0x";
				CLANG_CXX_LIBRARY = "libc++";
				CLANG_ENABLE_MODULES = YES;
				CLANG_ENABLE_OBJC_ARC = YES;
				CLANG_WARN_BOOL_CONVERSION = YES;
				CLANG_WARN_CONSTANT_CONVERSION = YES;
				CLANG_WARN_DIRECT_OBJC_ISA_USAGE = YES_ERROR;
				CLANG_WARN_DOCUMENTATION_COMMENTS = YES;
				CLANG_WARN_EMPTY_BODY = YES;
				CLANG_WARN_ENUM_CONVERSION = YES;
				CLANG_WARN_INFINITE_RECURSION = YES;
				CLANG_WARN_INT_CONVERSION = YES;
				CLANG_WARN_OBJC_ROOT_CLASS = YES_ERROR;
				CLANG_WARN_SUSPICIOUS_MOVE = YES;
				CLANG_WARN_UNREACHABLE_CODE = YES;
				CLANG_WARN__DUPLICATE_METHOD_MATCH = YES;
				"CODE_SIGN_IDENTITY[sdk=iphoneos*]" = "iPhone Developer";
				COPY_PHASE_STRIP = NO;
				DEBUG_INFORMATION_FORMAT = dwarf;
				ENABLE_STRICT_OBJC_MSGSEND = YES;
				ENABLE_TESTABILITY = YES;
				GCC_C_LANGUAGE_STANDARD = gnu99;
				GCC_DYNAMIC_NO_PIC = NO;
				GCC_NO_COMMON_BLOCKS = YES;
				GCC_OPTIMIZATION_LEVEL = 0;
				GCC_PREPROCESSOR_DEFINITIONS = (
					"DEBUG=1",
					"$(inherited)",
				);
				GCC_WARN_64_TO_32_BIT_CONVERSION = YES;
				GCC_WARN_ABOUT_RETURN_TYPE = YES_ERROR;
				GCC_WARN_UNDECLARED_SELECTOR = YES;
				GCC_WARN_UNINITIALIZED_AUTOS = YES_AGGRESSIVE;
				GCC_WARN_UNUSED_FUNCTION = YES;
				GCC_WARN_UNUSED_VARIABLE = YES;
				IPHONEOS_DEPLOYMENT_TARGET = 10.2;
				MTL_ENABLE_DEBUG_INFO = YES;
				ONLY_ACTIVE_ARCH = YES;
				SDKROOT = iphoneos;
			};
			name = Debug;
		};
		E27E43F01E6FEC05000385D3 /* Release */ = {
			isa = XCBuildConfiguration;
			buildSettings = {
				ALWAYS_SEARCH_USER_PATHS = NO;
				CLANG_ANALYZER_NONNULL = YES;
				CLANG_CXX_LANGUAGE_STANDARD = "gnu++0x";
				CLANG_CXX_LIBRARY = "libc++";
				CLANG_ENABLE_MODULES = YES;
				CLANG_ENABLE_OBJC_ARC = YES;
				CLANG_WARN_BOOL_CONVERSION = YES;
				CLANG_WARN_CONSTANT_CONVERSION = YES;
				CLANG_WARN_DIRECT_OBJC_ISA_USAGE = YES_ERROR;
				CLANG_WARN_DOCUMENTATION_COMMENTS = YES;
				CLANG_WARN_EMPTY_BODY = YES;
				CLANG_WARN_ENUM_CONVERSION = YES;
				CLANG_WARN_INFINITE_RECURSION = YES;
				CLANG_WARN_INT_CONVERSION = YES;
				CLANG_WARN_OBJC_ROOT_CLASS = YES_ERROR;
				CLANG_WARN_SUSPICIOUS_MOVE = YES;
				CLANG_WARN_UNREACHABLE_CODE = YES;
				CLANG_WARN__DUPLICATE_METHOD_MATCH = YES;
				"CODE_SIGN_IDENTITY[sdk=iphoneos*]" = "iPhone Developer";
				COPY_PHASE_STRIP = NO;
				DEBUG_INFORMATION_FORMAT = "dwarf-with-dsym";
				ENABLE_NS_ASSERTIONS = NO;
				ENABLE_STRICT_OBJC_MSGSEND = YES;
				GCC_C_LANGUAGE_STANDARD = gnu99;
				GCC_NO_COMMON_BLOCKS = YES;
				GCC_WARN_64_TO_32_BIT_CONVERSION = YES;
				GCC_WARN_ABOUT_RETURN_TYPE = YES_ERROR;
				GCC_WARN_UNDECLARED_SELECTOR = YES;
				GCC_WARN_UNINITIALIZED_AUTOS = YES_AGGRESSIVE;
				GCC_WARN_UNUSED_FUNCTION = YES;
				GCC_WARN_UNUSED_VARIABLE = YES;
				IPHONEOS_DEPLOYMENT_TARGET = 10.2;
				MTL_ENABLE_DEBUG_INFO = NO;
				SDKROOT = iphoneos;
				VALIDATE_PRODUCT = YES;
			};
			name = Release;
		};
		E27E43F21E6FEC05000385D3 /* Debug */ = {
			isa = XCBuildConfiguration;
			buildSettings = {
				ASSETCATALOG_COMPILER_APPICON_NAME = AppIcon;
				INFOPLIST_FILE = Enigma/Info.plist;
				LD_RUNPATH_SEARCH_PATHS = "$(inherited) @executable_path/Frameworks";
				PRODUCT_BUNDLE_IDENTIFIER = com.selfwork.Enigma;
				PRODUCT_NAME = "$(TARGET_NAME)";
			};
			name = Debug;
		};
		E27E43F31E6FEC05000385D3 /* Release */ = {
			isa = XCBuildConfiguration;
			buildSettings = {
				ASSETCATALOG_COMPILER_APPICON_NAME = AppIcon;
				INFOPLIST_FILE = Enigma/Info.plist;
				LD_RUNPATH_SEARCH_PATHS = "$(inherited) @executable_path/Frameworks";
				PRODUCT_BUNDLE_IDENTIFIER = com.selfwork.Enigma;
				PRODUCT_NAME = "$(TARGET_NAME)";
			};
			name = Release;
		};
/* End XCBuildConfiguration section */

/* Begin XCConfigurationList section */
		E27E43D51E6FEC05000385D3 /* Build configuration list for PBXProject "Enigma" */ = {
			isa = XCConfigurationList;
			buildConfigurations = (
				E27E43EF1E6FEC05000385D3 /* Debug */,
				E27E43F01E6FEC05000385D3 /* Release */,
			);
			defaultConfigurationIsVisible = 0;
			defaultConfigurationName = Release;
		};
		E27E43F11E6FEC05000385D3 /* Build configuration list for PBXNativeTarget "Enigma" */ = {
			isa = XCConfigurationList;
			buildConfigurations = (
				E27E43F21E6FEC05000385D3 /* Debug */,
				E27E43F31E6FEC05000385D3 /* Release */,
			);
			defaultConfigurationIsVisible = 0;
			defaultConfigurationName = Release;
		};
/* End XCConfigurationList section */
	};
	rootObject = E27E43D21E6FEC05000385D3 /* Project object */;
}
